
Microsoft Visual Studio Solution File, Format Version 12.00
# Visual Studio 15
VisualStudioVersion = 15.0.27703.2026
MinimumVisualStudioVersion = 10.0.40219.1
Project("{FAE04EC0-301F-11D3-BF4B-00C04F79EFBC}") = "SupercoolTest", "SupercoolTest\SupercoolTest.csproj", "{880E84B7-C97E-4E0B-AFC5-A5D882C39FDA}"
EndProject
Global
	GlobalSection(SolutionConfigurationPlatforms) = preSolution
		Debug|Any CPU = Debug|Any CPU
		Release|Any CPU = Release|Any CPU
	EndGlobalSection
	GlobalSection(ProjectConfigurationPlatforms) = postSolution
		{880E84B7-C97E-4E0B-AFC5-A5D882C39FDA}.Debug|Any CPU.ActiveCfg = Debug|Any CPU
		{880E84B7-C97E-4E0B-AFC5-A5D882C39FDA}.Debug|Any CPU.Build.0 = Debug|Any CPU
		{880E84B7-C97E-4E0B-AFC5-A5D882C39FDA}.Release|Any CPU.ActiveCfg = Release|Any CPU
		{880E84B7-C97E-4E0B-AFC5-A5D882C39FDA}.Release|Any CPU.Build.0 = Release|Any CPU
	EndGlobalSection
	GlobalSection(SolutionProperties) = preSolution
		HideSolutionNode = FALSE
	EndGlobalSection
	GlobalSection(ExtensibilityGlobals) = postSolution
		SolutionGuid = {C6C16081-0E18-4E2D-A0BB-0F166C454451}
	EndGlobalSection
EndGlobal
